
Microsoft Visual Studio Solution File, Format Version 12.00
# Visual Studio Version 17
VisualStudioVersion = 17.5.33530.505
MinimumVisualStudioVersion = 10.0.40219.1
Project("{FAE04EC0-301F-11D3-BF4B-00C04F79EFBC}") = "DesenhaPrimitivas", "DesenhaPrimitivas.csproj", "{58E0C987-BAD2-43B1-A7FC-974942966DF7}"
EndProject
Global
	GlobalSection(SolutionConfigurationPlatforms) = preSolution
		Debug|Any CPU = Debug|Any CPU
		Release|Any CPU = Release|Any CPU
	EndGlobalSection
	GlobalSection(ProjectConfigurationPlatforms) = postSolution
		{58E0C987-BAD2-43B1-A7FC-974942966DF7}.Debug|Any CPU.ActiveCfg = Debug|Any CPU
		{58E0C987-BAD2-43B1-A7FC-974942966DF7}.Debug|Any CPU.Build.0 = Debug|Any CPU
		{58E0C987-BAD2-43B1-A7FC-974942966DF7}.Release|Any CPU.ActiveCfg = Release|Any CPU
		{58E0C987-BAD2-43B1-A7FC-974942966DF7}.Release|Any CPU.Build.0 = Release|Any CPU
	EndGlobalSection
	GlobalSection(SolutionProperties) = preSolution
		HideSolutionNode = FALSE
	EndGlobalSection
	GlobalSection(ExtensibilityGlobals) = postSolution
		SolutionGuid = {63B512D7-FEC3-4EE7-89FF-88DAFF73E616}
	EndGlobalSection
EndGlobal
